
Microsoft Visual Studio Solution File, Format Version 12.00
# Visual Studio 15
VisualStudioVersion = 15.0.28307.271
MinimumVisualStudioVersion = 10.0.40219.1
Project("{8BC9CEB8-8B4A-11D0-8D11-00A0C91BC942}") = "Process_and_Resources_manager", "Process_and_Resources_manager\Process_and_Resources_manager.vcxproj", "{5887D017-0E25-4CF9-89E7-12C8E0F8020A}"
EndProject
Global
	GlobalSection(SolutionConfigurationPlatforms) = preSolution
		Debug|x64 = Debug|x64
		Debug|x86 = Debug|x86
		Release|x64 = Release|x64
		Release|x86 = Release|x86
	EndGlobalSection
	GlobalSection(ProjectConfigurationPlatforms) = postSolution
		{5887D017-0E25-4CF9-89E7-12C8E0F8020A}.Debug|x64.ActiveCfg = Debug|x64
		{5887D017-0E25-4CF9-89E7-12C8E0F8020A}.Debug|x64.Build.0 = Debug|x64
		{5887D017-0E25-4CF9-89E7-12C8E0F8020A}.Debug|x86.ActiveCfg = Debug|Win32
		{5887D017-0E25-4CF9-89E7-12C8E0F8020A}.Debug|x86.Build.0 = Debug|Win32
		{5887D017-0E25-4CF9-89E7-12C8E0F8020A}.Release|x64.ActiveCfg = Release|x64
		{5887D017-0E25-4CF9-89E7-12C8E0F8020A}.Release|x64.Build.0 = Release|x64
		{5887D017-0E25-4CF9-89E7-12C8E0F8020A}.Release|x86.ActiveCfg = Release|Win32
		{5887D017-0E25-4CF9-89E7-12C8E0F8020A}.Release|x86.Build.0 = Release|Win32
	EndGlobalSection
	GlobalSection(SolutionProperties) = preSolution
		HideSolutionNode = FALSE
	EndGlobalSection
	GlobalSection(ExtensibilityGlobals) = postSolution
		SolutionGuid = {C83514B0-FD64-40AF-8FFC-32158051D65F}
	EndGlobalSection
EndGlobal
